
Microsoft Visual Studio Solution File, Format Version 12.00
# Visual Studio Version 17
VisualStudioVersion = 17.0.31903.59
MinimumVisualStudioVersion = 10.0.40219.1
Project("{2150E333-8FDC-42A3-9474-1A3956D46DE8}") = "src", "src", "{827E0CD3-B72D-47B6-A68D-7590B98EB39B}"
EndProject
Project("{FAE04EC0-301F-11D3-BF4B-00C04F79EFBC}") = "HyperExchange.Domain", "src\HyperExchange.Domain\HyperExchange.Domain.csproj", "{E62A426F-B9FD-4797-B979-8FD357EBAA04}"
EndProject
Project("{FAE04EC0-301F-11D3-BF4B-00C04F79EFBC}") = "HyperExchange.Application", "src\HyperExchange.Application\HyperExchange.Application.csproj", "{99B939B9-58E3-44F2-BF8D-5E85F7F2EF2C}"
EndProject
Project("{FAE04EC0-301F-11D3-BF4B-00C04F79EFBC}") = "HyperExchange.Infrastructure", "src\HyperExchange.Infrastructure\HyperExchange.Infrastructure.csproj", "{D025F95C-CA62-42D1-B0E9-E141878FFC48}"
EndProject
Project("{FAE04EC0-301F-11D3-BF4B-00C04F79EFBC}") = "HyperExchange.WebUI", "src\HyperExchange.WebUI\HyperExchange.WebUI.csproj", "{FF706F2A-CCF6-495C-9B51-AFAE15F1562E}"
EndProject
Global
	GlobalSection(SolutionConfigurationPlatforms) = preSolution
		Debug|Any CPU = Debug|Any CPU
		Debug|x64 = Debug|x64
		Debug|x86 = Debug|x86
		Release|Any CPU = Release|Any CPU
		Release|x64 = Release|x64
		Release|x86 = Release|x86
	EndGlobalSection
	GlobalSection(ProjectConfigurationPlatforms) = postSolution
		{E62A426F-B9FD-4797-B979-8FD357EBAA04}.Debug|Any CPU.ActiveCfg = Debug|Any CPU
		{E62A426F-B9FD-4797-B979-8FD357EBAA04}.Debug|Any CPU.Build.0 = Debug|Any CPU
		{E62A426F-B9FD-4797-B979-8FD357EBAA04}.Debug|x64.ActiveCfg = Debug|Any CPU
		{E62A426F-B9FD-4797-B979-8FD357EBAA04}.Debug|x64.Build.0 = Debug|Any CPU
		{E62A426F-B9FD-4797-B979-8FD357EBAA04}.Debug|x86.ActiveCfg = Debug|Any CPU
		{E62A426F-B9FD-4797-B979-8FD357EBAA04}.Debug|x86.Build.0 = Debug|Any CPU
		{E62A426F-B9FD-4797-B979-8FD357EBAA04}.Release|Any CPU.ActiveCfg = Release|Any CPU
		{E62A426F-B9FD-4797-B979-8FD357EBAA04}.Release|Any CPU.Build.0 = Release|Any CPU
		{E62A426F-B9FD-4797-B979-8FD357EBAA04}.Release|x64.ActiveCfg = Release|Any CPU
		{E62A426F-B9FD-4797-B979-8FD357EBAA04}.Release|x64.Build.0 = Release|Any CPU
		{E62A426F-B9FD-4797-B979-8FD357EBAA04}.Release|x86.ActiveCfg = Release|Any CPU
		{E62A426F-B9FD-4797-B979-8FD357EBAA04}.Release|x86.Build.0 = Release|Any CPU
		{99B939B9-58E3-44F2-BF8D-5E85F7F2EF2C}.Debug|Any CPU.ActiveCfg = Debug|Any CPU
		{99B939B9-58E3-44F2-BF8D-5E85F7F2EF2C}.Debug|Any CPU.Build.0 = Debug|Any CPU
		{99B939B9-58E3-44F2-BF8D-5E85F7F2EF2C}.Debug|x64.ActiveCfg = Debug|Any CPU
		{99B939B9-58E3-44F2-BF8D-5E85F7F2EF2C}.Debug|x64.Build.0 = Debug|Any CPU
		{99B939B9-58E3-44F2-BF8D-5E85F7F2EF2C}.Debug|x86.ActiveCfg = Debug|Any CPU
		{99B939B9-58E3-44F2-BF8D-5E85F7F2EF2C}.Debug|x86.Build.0 = Debug|Any CPU
		{99B939B9-58E3-44F2-BF8D-5E85F7F2EF2C}.Release|Any CPU.ActiveCfg = Release|Any CPU
		{99B939B9-58E3-44F2-BF8D-5E85F7F2EF2C}.Release|Any CPU.Build.0 = Release|Any CPU
		{99B939B9-58E3-44F2-BF8D-5E85F7F2EF2C}.Release|x64.ActiveCfg = Release|Any CPU
		{99B939B9-58E3-44F2-BF8D-5E85F7F2EF2C}.Release|x64.Build.0 = Release|Any CPU
		{99B939B9-58E3-44F2-BF8D-5E85F7F2EF2C}.Release|x86.ActiveCfg = Release|Any CPU
		{99B939B9-58E3-44F2-BF8D-5E85F7F2EF2C}.Release|x86.Build.0 = Release|Any CPU
		{D025F95C-CA62-42D1-B0E9-E141878FFC48}.Debug|Any CPU.ActiveCfg = Debug|Any CPU
		{D025F95C-CA62-42D1-B0E9-E141878FFC48}.Debug|Any CPU.Build.0 = Debug|Any CPU
		{D025F95C-CA62-42D1-B0E9-E141878FFC48}.Debug|x64.ActiveCfg = Debug|Any CPU
		{D025F95C-CA62-42D1-B0E9-E141878FFC48}.Debug|x64.Build.0 = Debug|Any CPU
		{D025F95C-CA62-42D1-B0E9-E141878FFC48}.Debug|x86.ActiveCfg = Debug|Any CPU
		{D025F95C-CA62-42D1-B0E9-E141878FFC48}.Debug|x86.Build.0 = Debug|Any CPU
		{D025F95C-CA62-42D1-B0E9-E141878FFC48}.Release|Any CPU.ActiveCfg = Release|Any CPU
		{D025F95C-CA62-42D1-B0E9-E141878FFC48}.Release|Any CPU.Build.0 = Release|Any CPU
		{D025F95C-CA62-42D1-B0E9-E141878FFC48}.Release|x64.ActiveCfg = Release|Any CPU
		{D025F95C-CA62-42D1-B0E9-E141878FFC48}.Release|x64.Build.0 = Release|Any CPU
		{D025F95C-CA62-42D1-B0E9-E141878FFC48}.Release|x86.ActiveCfg = Release|Any CPU
		{D025F95C-CA62-42D1-B0E9-E141878FFC48}.Release|x86.Build.0 = Release|Any CPU
		{FF706F2A-CCF6-495C-9B51-AFAE15F1562E}.Debug|Any CPU.ActiveCfg = Debug|Any CPU
		{FF706F2A-CCF6-495C-9B51-AFAE15F1562E}.Debug|Any CPU.Build.0 = Debug|Any CPU
		{FF706F2A-CCF6-495C-9B51-AFAE15F1562E}.Debug|x64.ActiveCfg = Debug|Any CPU
		{FF706F2A-CCF6-495C-9B51-AFAE15F1562E}.Debug|x64.Build.0 = Debug|Any CPU
		{FF706F2A-CCF6-495C-9B51-AFAE15F1562E}.Debug|x86.ActiveCfg = Debug|Any CPU
		{FF706F2A-CCF6-495C-9B51-AFAE15F1562E}.Debug|x86.Build.0 = Debug|Any CPU
		{FF706F2A-CCF6-495C-9B51-AFAE15F1562E}.Release|Any CPU.ActiveCfg = Release|Any CPU
		{FF706F2A-CCF6-495C-9B51-AFAE15F1562E}.Release|Any CPU.Build.0 = Release|Any CPU
		{FF706F2A-CCF6-495C-9B51-AFAE15F1562E}.Release|x64.ActiveCfg = Release|Any CPU
		{FF706F2A-CCF6-495C-9B51-AFAE15F1562E}.Release|x64.Build.0 = Release|Any CPU
		{FF706F2A-CCF6-495C-9B51-AFAE15F1562E}.Release|x86.ActiveCfg = Release|Any CPU
		{FF706F2A-CCF6-495C-9B51-AFAE15F1562E}.Release|x86.Build.0 = Release|Any CPU
	EndGlobalSection
	GlobalSection(SolutionProperties) = preSolution
		HideSolutionNode = FALSE
	EndGlobalSection
	GlobalSection(NestedProjects) = preSolution
		{E62A426F-B9FD-4797-B979-8FD357EBAA04} = {827E0CD3-B72D-47B6-A68D-7590B98EB39B}
		{99B939B9-58E3-44F2-BF8D-5E85F7F2EF2C} = {827E0CD3-B72D-47B6-A68D-7590B98EB39B}
		{D025F95C-CA62-42D1-B0E9-E141878FFC48} = {827E0CD3-B72D-47B6-A68D-7590B98EB39B}
		{FF706F2A-CCF6-495C-9B51-AFAE15F1562E} = {827E0CD3-B72D-47B6-A68D-7590B98EB39B}
	EndGlobalSection
	GlobalSection(ExtensibilityGlobals) = postSolution
		SolutionGuid = {5E361EFE-99E0-48AB-A7CA-B4E6101C349F}
	EndGlobalSection
EndGlobal
